
Microsoft Visual Studio Solution File, Format Version 12.00
# Visual Studio Version 17
VisualStudioVersion = 17.9.34728.123
MinimumVisualStudioVersion = 10.0.40219.1
Project("{FAE04EC0-301F-11D3-BF4B-00C04F79EFBC}") = "RazorApp", "RazorApp\RazorApp.csproj", "{D24612D9-23C0-43BD-8394-31952D426FD5}"
EndProject
Global
	GlobalSection(SolutionConfigurationPlatforms) = preSolution
		Debug|Any CPU = Debug|Any CPU
		Release|Any CPU = Release|Any CPU
	EndGlobalSection
	GlobalSection(ProjectConfigurationPlatforms) = postSolution
		{D24612D9-23C0-43BD-8394-31952D426FD5}.Debug|Any CPU.ActiveCfg = Debug|Any CPU
		{D24612D9-23C0-43BD-8394-31952D426FD5}.Debug|Any CPU.Build.0 = Debug|Any CPU
		{D24612D9-23C0-43BD-8394-31952D426FD5}.Release|Any CPU.ActiveCfg = Release|Any CPU
		{D24612D9-23C0-43BD-8394-31952D426FD5}.Release|Any CPU.Build.0 = Release|Any CPU
	EndGlobalSection
	GlobalSection(SolutionProperties) = preSolution
		HideSolutionNode = FALSE
	EndGlobalSection
	GlobalSection(ExtensibilityGlobals) = postSolution
		SolutionGuid = {406034A6-4296-4706-8B39-AFB5970B8BD7}
	EndGlobalSection
EndGlobal
